// !$*UTF8*$!
{
	archiveVersion = 1;
	classes = {
	};
	objectVersion = 56;
	objects = {

/* Begin PBXBuildFile section */
		9A6B912F2C0524AF007BCB61 /* PocketGuitarApp.swift in Sources */ = {isa = PBXBuildFile; fileRef = 9A6B912E2C0524AF007BCB61 /* PocketGuitarApp.swift */; };
		9A6B91332C0524B2007BCB61 /* Assets.xcassets in Resources */ = {isa = PBXBuildFile; fileRef = 9A6B91322C0524B2007BCB61 /* Assets.xcassets */; };
		9A6B91362C0524B2007BCB61 /* Preview Assets.xcassets in Resources */ = {isa = PBXBuildFile; fileRef = 9A6B91352C0524B2007BCB61 /* Preview Assets.xcassets */; };
		9A6B913E2C052512007BCB61 /* KeyAmCViewModel.swift in Sources */ = {isa = PBXBuildFile; fileRef = 9A6B913D2C052512007BCB61 /* KeyAmCViewModel.swift */; };
		9A6B91412C05258A007BCB61 /* KeySelectView.swift in Sources */ = {isa = PBXBuildFile; fileRef = 9A6B91402C05258A007BCB61 /* KeySelectView.swift */; };
		9A6B91432C052609007BCB61 /* KeyAmCView.swift in Sources */ = {isa = PBXBuildFile; fileRef = 9A6B91422C052609007BCB61 /* KeyAmCView.swift */; };
		9A6B91452C052622007BCB61 /* KeyEmGView.swift in Sources */ = {isa = PBXBuildFile; fileRef = 9A6B91442C052622007BCB61 /* KeyEmGView.swift */; };
		9A6B91472C052652007BCB61 /* KeyHmDView.swift in Sources */ = {isa = PBXBuildFile; fileRef = 9A6B91462C052652007BCB61 /* KeyHmDView.swift */; };
		9A6B91492C052681007BCB61 /* KeyDmFView.swift in Sources */ = {isa = PBXBuildFile; fileRef = 9A6B91482C052681007BCB61 /* KeyDmFView.swift */; };
		9A6B914B2C054A5B007BCB61 /* KeyEmGViewModel.swift in Sources */ = {isa = PBXBuildFile; fileRef = 9A6B914A2C054A5B007BCB61 /* KeyEmGViewModel.swift */; };
		9A6B914D2C054A7B007BCB61 /* KeyHmDViewModel.swift in Sources */ = {isa = PBXBuildFile; fileRef = 9A6B914C2C054A7B007BCB61 /* KeyHmDViewModel.swift */; };
		9A6B914F2C054A97007BCB61 /* KeyDmFViewModel.swift in Sources */ = {isa = PBXBuildFile; fileRef = 9A6B914E2C054A97007BCB61 /* KeyDmFViewModel.swift */; };
		9AAFC6E72C0D2CCA0086782F /* Fm#.mp3 in Resources */ = {isa = PBXBuildFile; fileRef = 9AAFC6D82C0D2CCA0086782F /* Fm#.mp3 */; };
		9AAFC6E82C0D2CCA0086782F /* E.mp3 in Resources */ = {isa = PBXBuildFile; fileRef = 9AAFC6D92C0D2CCA0086782F /* E.mp3 */; };
		9AAFC6E92C0D2CCA0086782F /* Em.mp3 in Resources */ = {isa = PBXBuildFile; fileRef = 9AAFC6DA2C0D2CCA0086782F /* Em.mp3 */; };
		9AAFC6EA2C0D2CCA0086782F /* Hm.mp3 in Resources */ = {isa = PBXBuildFile; fileRef = 9AAFC6DB2C0D2CCA0086782F /* Hm.mp3 */; };
		9AAFC6EB2C0D2CCA0086782F /* H.mp3 in Resources */ = {isa = PBXBuildFile; fileRef = 9AAFC6DC2C0D2CCA0086782F /* H.mp3 */; };
		9AAFC6EC2C0D2CCA0086782F /* Gm.mp3 in Resources */ = {isa = PBXBuildFile; fileRef = 9AAFC6DD2C0D2CCA0086782F /* Gm.mp3 */; };
		9AAFC6ED2C0D2CCA0086782F /* A.mp3 in Resources */ = {isa = PBXBuildFile; fileRef = 9AAFC6DE2C0D2CCA0086782F /* A.mp3 */; };
		9AAFC6EE2C0D2CCA0086782F /* C.mp3 in Resources */ = {isa = PBXBuildFile; fileRef = 9AAFC6DF2C0D2CCA0086782F /* C.mp3 */; };
		9AAFC6EF2C0D2CCA0086782F /* G.mp3 in Resources */ = {isa = PBXBuildFile; fileRef = 9AAFC6E02C0D2CCA0086782F /* G.mp3 */; };
		9AAFC6F02C0D2CCA0086782F /* D.mp3 in Resources */ = {isa = PBXBuildFile; fileRef = 9AAFC6E12C0D2CCA0086782F /* D.mp3 */; };
		9AAFC6F12C0D2CCA0086782F /* F#.mp3 in Resources */ = {isa = PBXBuildFile; fileRef = 9AAFC6E22C0D2CCA0086782F /* F#.mp3 */; };
		9AAFC6F22C0D2CCA0086782F /* F.mp3 in Resources */ = {isa = PBXBuildFile; fileRef = 9AAFC6E32C0D2CCA0086782F /* F.mp3 */; };
		9AAFC6F32C0D2CCA0086782F /* Am.mp3 in Resources */ = {isa = PBXBuildFile; fileRef = 9AAFC6E42C0D2CCA0086782F /* Am.mp3 */; };
		9AAFC6F42C0D2CCA0086782F /* Hb.mp3 in Resources */ = {isa = PBXBuildFile; fileRef = 9AAFC6E52C0D2CCA0086782F /* Hb.mp3 */; };
		9AAFC6F52C0D2CCA0086782F /* Dm.mp3 in Resources */ = {isa = PBXBuildFile; fileRef = 9AAFC6E62C0D2CCA0086782F /* Dm.mp3 */; };
/* End PBXBuildFile section */

/* Begin PBXFileReference section */
		9A6B912B2C0524AF007BCB61 /* PocketGuitar.app */ = {isa = PBXFileReference; explicitFileType = wrapper.application; includeInIndex = 0; path = PocketGuitar.app; sourceTree = BUILT_PRODUCTS_DIR; };
		9A6B912E2C0524AF007BCB61 /* PocketGuitarApp.swift */ = {isa = PBXFileReference; lastKnownFileType = sourcecode.swift; path = PocketGuitarApp.swift; sourceTree = "<group>"; };
		9A6B91322C0524B2007BCB61 /* Assets.xcassets */ = {isa = PBXFileReference; lastKnownFileType = folder.assetcatalog; path = Assets.xcassets; sourceTree = "<group>"; };
		9A6B91352C0524B2007BCB61 /* Preview Assets.xcassets */ = {isa = PBXFileReference; lastKnownFileType = folder.assetcatalog; path = "Preview Assets.xcassets"; sourceTree = "<group>"; };
		9A6B913D2C052512007BCB61 /* KeyAmCViewModel.swift */ = {isa = PBXFileReference; lastKnownFileType = sourcecode.swift; path = KeyAmCViewModel.swift; sourceTree = "<group>"; };
		9A6B91402C05258A007BCB61 /* KeySelectView.swift */ = {isa = PBXFileReference; lastKnownFileType = sourcecode.swift; path = KeySelectView.swift; sourceTree = "<group>"; };
		9A6B91422C052609007BCB61 /* KeyAmCView.swift */ = {isa = PBXFileReference; lastKnownFileType = sourcecode.swift; path = KeyAmCView.swift; sourceTree = "<group>"; };
		9A6B91442C052622007BCB61 /* KeyEmGView.swift */ = {isa = PBXFileReference; lastKnownFileType = sourcecode.swift; path = KeyEmGView.swift; sourceTree = "<group>"; };
		9A6B91462C052652007BCB61 /* KeyHmDView.swift */ = {isa = PBXFileReference; lastKnownFileType = sourcecode.swift; path = KeyHmDView.swift; sourceTree = "<group>"; };
		9A6B91482C052681007BCB61 /* KeyDmFView.swift */ = {isa = PBXFileReference; lastKnownFileType = sourcecode.swift; path = KeyDmFView.swift; sourceTree = "<group>"; };
		9A6B914A2C054A5B007BCB61 /* KeyEmGViewModel.swift */ = {isa = PBXFileReference; lastKnownFileType = sourcecode.swift; path = KeyEmGViewModel.swift; sourceTree = "<group>"; };
		9A6B914C2C054A7B007BCB61 /* KeyHmDViewModel.swift */ = {isa = PBXFileReference; lastKnownFileType = sourcecode.swift; path = KeyHmDViewModel.swift; sourceTree = "<group>"; };
		9A6B914E2C054A97007BCB61 /* KeyDmFViewModel.swift */ = {isa = PBXFileReference; lastKnownFileType = sourcecode.swift; path = KeyDmFViewModel.swift; sourceTree = "<group>"; };
		9AAFC6D82C0D2CCA0086782F /* Fm#.mp3 */ = {isa = PBXFileReference; lastKnownFileType = audio.mp3; name = "Fm#.mp3"; path = "GuitarSempls/Fm#.mp3"; sourceTree = SOURCE_ROOT; };
		9AAFC6D92C0D2CCA0086782F /* E.mp3 */ = {isa = PBXFileReference; lastKnownFileType = audio.mp3; name = E.mp3; path = GuitarSempls/E.mp3; sourceTree = SOURCE_ROOT; };
		9AAFC6DA2C0D2CCA0086782F /* Em.mp3 */ = {isa = PBXFileReference; lastKnownFileType = audio.mp3; name = Em.mp3; path = GuitarSempls/Em.mp3; sourceTree = SOURCE_ROOT; };
		9AAFC6DB2C0D2CCA0086782F /* Hm.mp3 */ = {isa = PBXFileReference; lastKnownFileType = audio.mp3; name = Hm.mp3; path = GuitarSempls/Hm.mp3; sourceTree = SOURCE_ROOT; };
		9AAFC6DC2C0D2CCA0086782F /* H.mp3 */ = {isa = PBXFileReference; lastKnownFileType = audio.mp3; name = H.mp3; path = GuitarSempls/H.mp3; sourceTree = SOURCE_ROOT; };
		9AAFC6DD2C0D2CCA0086782F /* Gm.mp3 */ = {isa = PBXFileReference; lastKnownFileType = audio.mp3; name = Gm.mp3; path = GuitarSempls/Gm.mp3; sourceTree = SOURCE_ROOT; };
		9AAFC6DE2C0D2CCA0086782F /* A.mp3 */ = {isa = PBXFileReference; lastKnownFileType = audio.mp3; name = A.mp3; path = GuitarSempls/A.mp3; sourceTree = SOURCE_ROOT; };
		9AAFC6DF2C0D2CCA0086782F /* C.mp3 */ = {isa = PBXFileReference; lastKnownFileType = audio.mp3; name = C.mp3; path = GuitarSempls/C.mp3; sourceTree = SOURCE_ROOT; };
		9AAFC6E02C0D2CCA0086782F /* G.mp3 */ = {isa = PBXFileReference; lastKnownFileType = audio.mp3; name = G.mp3; path = GuitarSempls/G.mp3; sourceTree = SOURCE_ROOT; };
		9AAFC6E12C0D2CCA0086782F /* D.mp3 */ = {isa = PBXFileReference; lastKnownFileType = audio.mp3; name = D.mp3; path = GuitarSempls/D.mp3; sourceTree = SOURCE_ROOT; };
		9AAFC6E22C0D2CCA0086782F /* F#.mp3 */ = {isa = PBXFileReference; lastKnownFileType = audio.mp3; name = "F#.mp3"; path = "GuitarSempls/F#.mp3"; sourceTree = SOURCE_ROOT; };
		9AAFC6E32C0D2CCA0086782F /* F.mp3 */ = {isa = PBXFileReference; lastKnownFileType = audio.mp3; name = F.mp3; path = GuitarSempls/F.mp3; sourceTree = SOURCE_ROOT; };
		9AAFC6E42C0D2CCA0086782F /* Am.mp3 */ = {isa = PBXFileReference; lastKnownFileType = audio.mp3; name = Am.mp3; path = GuitarSempls/Am.mp3; sourceTree = SOURCE_ROOT; };
		9AAFC6E52C0D2CCA0086782F /* Hb.mp3 */ = {isa = PBXFileReference; lastKnownFileType = audio.mp3; name = Hb.mp3; path = GuitarSempls/Hb.mp3; sourceTree = SOURCE_ROOT; };
		9AAFC6E62C0D2CCA0086782F /* Dm.mp3 */ = {isa = PBXFileReference; lastKnownFileType = audio.mp3; name = Dm.mp3; path = GuitarSempls/Dm.mp3; sourceTree = SOURCE_ROOT; };
/* End PBXFileReference section */

/* Begin PBXFrameworksBuildPhase section */
		9A6B91282C0524AF007BCB61 /* Frameworks */ = {
			isa = PBXFrameworksBuildPhase;
			buildActionMask = 2147483647;
			files = (
			);
			runOnlyForDeploymentPostprocessing = 0;
		};
/* End PBXFrameworksBuildPhase section */

/* Begin PBXGroup section */
		9A6B91222C0524AF007BCB61 = {
			isa = PBXGroup;
			children = (
				9A6B912D2C0524AF007BCB61 /* PocketGuitar */,
				9A6B912C2C0524AF007BCB61 /* Products */,
			);
			sourceTree = "<group>";
		};
		9A6B912C2C0524AF007BCB61 /* Products */ = {
			isa = PBXGroup;
			children = (
				9A6B912B2C0524AF007BCB61 /* PocketGuitar.app */,
			);
			name = Products;
			sourceTree = "<group>";
		};
		9A6B912D2C0524AF007BCB61 /* PocketGuitar */ = {
			isa = PBXGroup;
			children = (
				9A6B912E2C0524AF007BCB61 /* PocketGuitarApp.swift */,
				9A6B913F2C052551007BCB61 /* ViewModel */,
				9A6B913C2C0524DF007BCB61 /* Views */,
				9A6B91322C0524B2007BCB61 /* Assets.xcassets */,
				9A6B91342C0524B2007BCB61 /* Preview Content */,
			);
			path = PocketGuitar;
			sourceTree = "<group>";
		};
		9A6B91342C0524B2007BCB61 /* Preview Content */ = {
			isa = PBXGroup;
			children = (
				9A6B91352C0524B2007BCB61 /* Preview Assets.xcassets */,
				9AAFC6DE2C0D2CCA0086782F /* A.mp3 */,
				9AAFC6E42C0D2CCA0086782F /* Am.mp3 */,
				9AAFC6DF2C0D2CCA0086782F /* C.mp3 */,
				9AAFC6E12C0D2CCA0086782F /* D.mp3 */,
				9AAFC6E62C0D2CCA0086782F /* Dm.mp3 */,
				9AAFC6D92C0D2CCA0086782F /* E.mp3 */,
				9AAFC6DA2C0D2CCA0086782F /* Em.mp3 */,
				9AAFC6E32C0D2CCA0086782F /* F.mp3 */,
				9AAFC6E22C0D2CCA0086782F /* F#.mp3 */,
				9AAFC6D82C0D2CCA0086782F /* Fm#.mp3 */,
				9AAFC6E02C0D2CCA0086782F /* G.mp3 */,
				9AAFC6DD2C0D2CCA0086782F /* Gm.mp3 */,
				9AAFC6DC2C0D2CCA0086782F /* H.mp3 */,
				9AAFC6E52C0D2CCA0086782F /* Hb.mp3 */,
				9AAFC6DB2C0D2CCA0086782F /* Hm.mp3 */,
			);
			path = "Preview Content";
			sourceTree = "<group>";
		};
		9A6B913C2C0524DF007BCB61 /* Views */ = {
			isa = PBXGroup;
			children = (
				9A6B91402C05258A007BCB61 /* KeySelectView.swift */,
				9A6B91422C052609007BCB61 /* KeyAmCView.swift */,
				9A6B91442C052622007BCB61 /* KeyEmGView.swift */,
				9A6B91462C052652007BCB61 /* KeyHmDView.swift */,
				9A6B91482C052681007BCB61 /* KeyDmFView.swift */,
			);
			path = Views;
			sourceTree = "<group>";
		};
		9A6B913F2C052551007BCB61 /* ViewModel */ = {
			isa = PBXGroup;
			children = (
				9A6B913D2C052512007BCB61 /* KeyAmCViewModel.swift */,
				9A6B914A2C054A5B007BCB61 /* KeyEmGViewModel.swift */,
				9A6B914C2C054A7B007BCB61 /* KeyHmDViewModel.swift */,
				9A6B914E2C054A97007BCB61 /* KeyDmFViewModel.swift */,
			);
			path = ViewModel;
			sourceTree = "<group>";
		};
/* End PBXGroup section */

/* Begin PBXNativeTarget section */
		9A6B912A2C0524AF007BCB61 /* PocketGuitar */ = {
			isa = PBXNativeTarget;
			buildConfigurationList = 9A6B91392C0524B2007BCB61 /* Build configuration list for PBXNativeTarget "PocketGuitar" */;
			buildPhases = (
				9A6B91272C0524AF007BCB61 /* Sources */,
				9A6B91282C0524AF007BCB61 /* Frameworks */,
				9A6B91292C0524AF007BCB61 /* Resources */,
			);
			buildRules = (
			);
			dependencies = (
			);
			name = PocketGuitar;
			productName = PocketGuitar;
			productReference = 9A6B912B2C0524AF007BCB61 /* PocketGuitar.app */;
			productType = "com.apple.product-type.application";
		};
/* End PBXNativeTarget section */

/* Begin PBXProject section */
		9A6B91232C0524AF007BCB61 /* Project object */ = {
			isa = PBXProject;
			attributes = {
				BuildIndependentTargetsInParallel = 1;
				LastSwiftUpdateCheck = 1530;
				LastUpgradeCheck = 1530;
				TargetAttributes = {
					9A6B912A2C0524AF007BCB61 = {
						CreatedOnToolsVersion = 15.3;
					};
				};
			};
			buildConfigurationList = 9A6B91262C0524AF007BCB61 /* Build configuration list for PBXProject "PocketGuitar" */;
			compatibilityVersion = "Xcode 14.0";
			developmentRegion = en;
			hasScannedForEncodings = 0;
			knownRegions = (
				en,
				Base,
			);
			mainGroup = 9A6B91222C0524AF007BCB61;
			productRefGroup = 9A6B912C2C0524AF007BCB61 /* Products */;
			projectDirPath = "";
			projectRoot = "";
			targets = (
				9A6B912A2C0524AF007BCB61 /* PocketGuitar */,
			);
		};
/* End PBXProject section */

/* Begin PBXResourcesBuildPhase section */
		9A6B91292C0524AF007BCB61 /* Resources */ = {
			isa = PBXResourcesBuildPhase;
			buildActionMask = 2147483647;
			files = (
				9AAFC6F12C0D2CCA0086782F /* F#.mp3 in Resources */,
				9AAFC6EF2C0D2CCA0086782F /* G.mp3 in Resources */,
				9AAFC6EC2C0D2CCA0086782F /* Gm.mp3 in Resources */,
				9AAFC6E92C0D2CCA0086782F /* Em.mp3 in Resources */,
				9AAFC6F02C0D2CCA0086782F /* D.mp3 in Resources */,
				9AAFC6F52C0D2CCA0086782F /* Dm.mp3 in Resources */,
				9AAFC6F32C0D2CCA0086782F /* Am.mp3 in Resources */,
				9AAFC6EB2C0D2CCA0086782F /* H.mp3 in Resources */,
				9AAFC6E82C0D2CCA0086782F /* E.mp3 in Resources */,
				9AAFC6E72C0D2CCA0086782F /* Fm#.mp3 in Resources */,
				9AAFC6EA2C0D2CCA0086782F /* Hm.mp3 in Resources */,
				9AAFC6F22C0D2CCA0086782F /* F.mp3 in Resources */,
				9AAFC6ED2C0D2CCA0086782F /* A.mp3 in Resources */,
				9A6B91362C0524B2007BCB61 /* Preview Assets.xcassets in Resources */,
				9AAFC6EE2C0D2CCA0086782F /* C.mp3 in Resources */,
				9AAFC6F42C0D2CCA0086782F /* Hb.mp3 in Resources */,
				9A6B91332C0524B2007BCB61 /* Assets.xcassets in Resources */,
			);
			runOnlyForDeploymentPostprocessing = 0;
		};
/* End PBXResourcesBuildPhase section */

/* Begin PBXSourcesBuildPhase section */
		9A6B91272C0524AF007BCB61 /* Sources */ = {
			isa = PBXSourcesBuildPhase;
			buildActionMask = 2147483647;
			files = (
				9A6B91432C052609007BCB61 /* KeyAmCView.swift in Sources */,
				9A6B913E2C052512007BCB61 /* KeyAmCViewModel.swift in Sources */,
				9A6B91412C05258A007BCB61 /* KeySelectView.swift in Sources */,
				9A6B91472C052652007BCB61 /* KeyHmDView.swift in Sources */,
				9A6B91452C052622007BCB61 /* KeyEmGView.swift in Sources */,
				9A6B914D2C054A7B007BCB61 /* KeyHmDViewModel.swift in Sources */,
				9A6B91492C052681007BCB61 /* KeyDmFView.swift in Sources */,
				9A6B912F2C0524AF007BCB61 /* PocketGuitarApp.swift in Sources */,
				9A6B914B2C054A5B007BCB61 /* KeyEmGViewModel.swift in Sources */,
				9A6B914F2C054A97007BCB61 /* KeyDmFViewModel.swift in Sources */,
			);
			runOnlyForDeploymentPostprocessing = 0;
		};
/* End PBXSourcesBuildPhase section */

/* Begin XCBuildConfiguration section */
		9A6B91372C0524B2007BCB61 /* Debug */ = {
			isa = XCBuildConfiguration;
			buildSettings = {
				ALWAYS_SEARCH_USER_PATHS = NO;
				ASSETCATALOG_COMPILER_GENERATE_SWIFT_ASSET_SYMBOL_EXTENSIONS = YES;
				CLANG_ANALYZER_NONNULL = YES;
				CLANG_ANALYZER_NUMBER_OBJECT_CONVERSION = YES_AGGRESSIVE;
				CLANG_CXX_LANGUAGE_STANDARD = "gnu++20";
				CLANG_ENABLE_MODULES = YES;
				CLANG_ENABLE_OBJC_ARC = YES;
				CLANG_ENABLE_OBJC_WEAK = YES;
				CLANG_WARN_BLOCK_CAPTURE_AUTORELEASING = YES;
				CLANG_WARN_BOOL_CONVERSION = YES;
				CLANG_WARN_COMMA = YES;
				CLANG_WARN_CONSTANT_CONVERSION = YES;
				CLANG_WARN_DEPRECATED_OBJC_IMPLEMENTATIONS = YES;
				CLANG_WARN_DIRECT_OBJC_ISA_USAGE = YES_ERROR;
				CLANG_WARN_DOCUMENTATION_COMMENTS = YES;
				CLANG_WARN_EMPTY_BODY = YES;
				CLANG_WARN_ENUM_CONVERSION = YES;
				CLANG_WARN_INFINITE_RECURSION = YES;
				CLANG_WARN_INT_CONVERSION = YES;
				CLANG_WARN_NON_LITERAL_NULL_CONVERSION = YES;
				CLANG_WARN_OBJC_IMPLICIT_RETAIN_SELF = YES;
				CLANG_WARN_OBJC_LITERAL_CONVERSION = YES;
				CLANG_WARN_OBJC_ROOT_CLASS = YES_ERROR;
				CLANG_WARN_QUOTED_INCLUDE_IN_FRAMEWORK_HEADER = YES;
				CLANG_WARN_RANGE_LOOP_ANALYSIS = YES;
				CLANG_WARN_STRICT_PROTOTYPES = YES;
				CLANG_WARN_SUSPICIOUS_MOVE = YES;
				CLANG_WARN_UNGUARDED_AVAILABILITY = YES_AGGRESSIVE;
				CLANG_WARN_UNREACHABLE_CODE = YES;
				CLANG_WARN__DUPLICATE_METHOD_MATCH = YES;
				COPY_PHASE_STRIP = NO;
				DEBUG_INFORMATION_FORMAT = dwarf;
				ENABLE_STRICT_OBJC_MSGSEND = YES;
				ENABLE_TESTABILITY = YES;
				ENABLE_USER_SCRIPT_SANDBOXING = YES;
				GCC_C_LANGUAGE_STANDARD = gnu17;
				GCC_DYNAMIC_NO_PIC = NO;
				GCC_NO_COMMON_BLOCKS = YES;
				GCC_OPTIMIZATION_LEVEL = 0;
				GCC_PREPROCESSOR_DEFINITIONS = (
					"DEBUG=1",
					"$(inherited)",
				);
				GCC_WARN_64_TO_32_BIT_CONVERSION = YES;
				GCC_WARN_ABOUT_RETURN_TYPE = YES_ERROR;
				GCC_WARN_UNDECLARED_SELECTOR = YES;
				GCC_WARN_UNINITIALIZED_AUTOS = YES_AGGRESSIVE;
				GCC_WARN_UNUSED_FUNCTION = YES;
				GCC_WARN_UNUSED_VARIABLE = YES;
				IPHONEOS_DEPLOYMENT_TARGET = 14.0;
				LOCALIZATION_PREFERS_STRING_CATALOGS = YES;
				MTL_ENABLE_DEBUG_INFO = INCLUDE_SOURCE;
				MTL_FAST_MATH = YES;
				ONLY_ACTIVE_ARCH = YES;
				SDKROOT = iphoneos;
				SWIFT_ACTIVE_COMPILATION_CONDITIONS = "DEBUG $(inherited)";
				SWIFT_OPTIMIZATION_LEVEL = "-Onone";
			};
			name = Debug;
		};
		9A6B91382C0524B2007BCB61 /* Release */ = {
			isa = XCBuildConfiguration;
			buildSettings = {
				ALWAYS_SEARCH_USER_PATHS = NO;
				ASSETCATALOG_COMPILER_GENERATE_SWIFT_ASSET_SYMBOL_EXTENSIONS = YES;
				CLANG_ANALYZER_NONNULL = YES;
				CLANG_ANALYZER_NUMBER_OBJECT_CONVERSION = YES_AGGRESSIVE;
				CLANG_CXX_LANGUAGE_STANDARD = "gnu++20";
				CLANG_ENABLE_MODULES = YES;
				CLANG_ENABLE_OBJC_ARC = YES;
				CLANG_ENABLE_OBJC_WEAK = YES;
				CLANG_WARN_BLOCK_CAPTURE_AUTORELEASING = YES;
				CLANG_WARN_BOOL_CONVERSION = YES;
				CLANG_WARN_COMMA = YES;
				CLANG_WARN_CONSTANT_CONVERSION = YES;
				CLANG_WARN_DEPRECATED_OBJC_IMPLEMENTATIONS = YES;
				CLANG_WARN_DIRECT_OBJC_ISA_USAGE = YES_ERROR;
				CLANG_WARN_DOCUMENTATION_COMMENTS = YES;
				CLANG_WARN_EMPTY_BODY = YES;
				CLANG_WARN_ENUM_CONVERSION = YES;
				CLANG_WARN_INFINITE_RECURSION = YES;
				CLANG_WARN_INT_CONVERSION = YES;
				CLANG_WARN_NON_LITERAL_NULL_CONVERSION = YES;
				CLANG_WARN_OBJC_IMPLICIT_RETAIN_SELF = YES;
				CLANG_WARN_OBJC_LITERAL_CONVERSION = YES;
				CLANG_WARN_OBJC_ROOT_CLASS = YES_ERROR;
				CLANG_WARN_QUOTED_INCLUDE_IN_FRAMEWORK_HEADER = YES;
				CLANG_WARN_RANGE_LOOP_ANALYSIS = YES;
				CLANG_WARN_STRICT_PROTOTYPES = YES;
				CLANG_WARN_SUSPICIOUS_MOVE = YES;
				CLANG_WARN_UNGUARDED_AVAILABILITY = YES_AGGRESSIVE;
				CLANG_WARN_UNREACHABLE_CODE = YES;
				CLANG_WARN__DUPLICATE_METHOD_MATCH = YES;
				COPY_PHASE_STRIP = NO;
				DEBUG_INFORMATION_FORMAT = "dwarf-with-dsym";
				ENABLE_NS_ASSERTIONS = NO;
				ENABLE_STRICT_OBJC_MSGSEND = YES;
				ENABLE_USER_SCRIPT_SANDBOXING = YES;
				GCC_C_LANGUAGE_STANDARD = gnu17;
				GCC_NO_COMMON_BLOCKS = YES;
				GCC_WARN_64_TO_32_BIT_CONVERSION = YES;
				GCC_WARN_ABOUT_RETURN_TYPE = YES_ERROR;
				GCC_WARN_UNDECLARED_SELECTOR = YES;
				GCC_WARN_UNINITIALIZED_AUTOS = YES_AGGRESSIVE;
				GCC_WARN_UNUSED_FUNCTION = YES;
				GCC_WARN_UNUSED_VARIABLE = YES;
				IPHONEOS_DEPLOYMENT_TARGET = 14.0;
				LOCALIZATION_PREFERS_STRING_CATALOGS = YES;
				MTL_ENABLE_DEBUG_INFO = NO;
				MTL_FAST_MATH = YES;
				SDKROOT = iphoneos;
				SWIFT_COMPILATION_MODE = wholemodule;
				VALIDATE_PRODUCT = YES;
			};
			name = Release;
		};
		9A6B913A2C0524B2007BCB61 /* Debug */ = {
			isa = XCBuildConfiguration;
			buildSettings = {
				ASSETCATALOG_COMPILER_APPICON_NAME = AppIcon;
				ASSETCATALOG_COMPILER_GLOBAL_ACCENT_COLOR_NAME = AccentColor;
				CODE_SIGN_IDENTITY = "Apple Development";
				CODE_SIGN_STYLE = Automatic;
				CURRENT_PROJECT_VERSION = 1;
				DEVELOPMENT_ASSET_PATHS = "\"PocketGuitar/Preview Content\"";
				DEVELOPMENT_TEAM = 795ZD82PL2;
				ENABLE_PREVIEWS = YES;
				GENERATE_INFOPLIST_FILE = YES;
				INFOPLIST_KEY_UIApplicationSceneManifest_Generation = YES;
				INFOPLIST_KEY_UIApplicationSupportsIndirectInputEvents = YES;
				INFOPLIST_KEY_UILaunchScreen_Generation = YES;
				INFOPLIST_KEY_UISupportedInterfaceOrientations = UIInterfaceOrientationPortrait;
				IPHONEOS_DEPLOYMENT_TARGET = 15.0;
				LD_RUNPATH_SEARCH_PATHS = (
					"$(inherited)",
					"@executable_path/Frameworks",
				);
				MARKETING_VERSION = 1.0;
				PRODUCT_BUNDLE_IDENTIFIER = Mordor.PocketGuitar;
				PRODUCT_NAME = "$(TARGET_NAME)";
				PROVISIONING_PROFILE_SPECIFIER = "";
				SUPPORTED_PLATFORMS = "iphoneos iphonesimulator";
				SUPPORTS_MACCATALYST = NO;
				SUPPORTS_MAC_DESIGNED_FOR_IPHONE_IPAD = NO;
				SUPPORTS_XR_DESIGNED_FOR_IPHONE_IPAD = NO;
				SWIFT_EMIT_LOC_STRINGS = YES;
				SWIFT_VERSION = 5.0;
				TARGETED_DEVICE_FAMILY = 1;
			};
			name = Debug;
		};
		9A6B913B2C0524B2007BCB61 /* Release */ = {
			isa = XCBuildConfiguration;
			buildSettings = {
				ASSETCATALOG_COMPILER_APPICON_NAME = AppIcon;
				ASSETCATALOG_COMPILER_GLOBAL_ACCENT_COLOR_NAME = AccentColor;
				CODE_SIGN_IDENTITY = "Apple Development";
				CODE_SIGN_STYLE = Automatic;
				CURRENT_PROJECT_VERSION = 1;
				DEVELOPMENT_ASSET_PATHS = "\"PocketGuitar/Preview Content\"";
				DEVELOPMENT_TEAM = 795ZD82PL2;
				ENABLE_PREVIEWS = YES;
				GENERATE_INFOPLIST_FILE = YES;
				INFOPLIST_KEY_UIApplicationSceneManifest_Generation = YES;
				INFOPLIST_KEY_UIApplicationSupportsIndirectInputEvents = YES;
				INFOPLIST_KEY_UILaunchScreen_Generation = YES;
				INFOPLIST_KEY_UISupportedInterfaceOrientations = UIInterfaceOrientationPortrait;
				IPHONEOS_DEPLOYMENT_TARGET = 15.0;
				LD_RUNPATH_SEARCH_PATHS = (
					"$(inherited)",
					"@executable_path/Frameworks",
				);
				MARKETING_VERSION = 1.0;
				PRODUCT_BUNDLE_IDENTIFIER = Mordor.PocketGuitar;
				PRODUCT_NAME = "$(TARGET_NAME)";
				PROVISIONING_PROFILE_SPECIFIER = "";
				SUPPORTED_PLATFORMS = "iphoneos iphonesimulator";
				SUPPORTS_MACCATALYST = NO;
				SUPPORTS_MAC_DESIGNED_FOR_IPHONE_IPAD = NO;
				SUPPORTS_XR_DESIGNED_FOR_IPHONE_IPAD = NO;
				SWIFT_EMIT_LOC_STRINGS = YES;
				SWIFT_VERSION = 5.0;
				TARGETED_DEVICE_FAMILY = 1;
			};
			name = Release;
		};
/* End XCBuildConfiguration section */

/* Begin XCConfigurationList section */
		9A6B91262C0524AF007BCB61 /* Build configuration list for PBXProject "PocketGuitar" */ = {
			isa = XCConfigurationList;
			buildConfigurations = (
				9A6B91372C0524B2007BCB61 /* Debug */,
				9A6B91382C0524B2007BCB61 /* Release */,
			);
			defaultConfigurationIsVisible = 0;
			defaultConfigurationName = Release;
		};
		9A6B91392C0524B2007BCB61 /* Build configuration list for PBXNativeTarget "PocketGuitar" */ = {
			isa = XCConfigurationList;
			buildConfigurations = (
				9A6B913A2C0524B2007BCB61 /* Debug */,
				9A6B913B2C0524B2007BCB61 /* Release */,
			);
			defaultConfigurationIsVisible = 0;
			defaultConfigurationName = Release;
		};
/* End XCConfigurationList section */
	};
	rootObject = 9A6B91232C0524AF007BCB61 /* Project object */;
}
